
Microsoft Visual Studio Solution File, Format Version 12.00
# Visual Studio Version 16
VisualStudioVersion = 16.0.31005.135
MinimumVisualStudioVersion = 10.0.40219.1
Project("{FAE04EC0-301F-11D3-BF4B-00C04F79EFBC}") = "TP1DPBO", "TP1DPBO\TP1DPBO.csproj", "{3335A56C-0C13-4932-9456-F42797AE7AED}"
EndProject
Global
	GlobalSection(SolutionConfigurationPlatforms) = preSolution
		Debug|Any CPU = Debug|Any CPU
		Release|Any CPU = Release|Any CPU
	EndGlobalSection
	GlobalSection(ProjectConfigurationPlatforms) = postSolution
		{3335A56C-0C13-4932-9456-F42797AE7AED}.Debug|Any CPU.ActiveCfg = Debug|Any CPU
		{3335A56C-0C13-4932-9456-F42797AE7AED}.Debug|Any CPU.Build.0 = Debug|Any CPU
		{3335A56C-0C13-4932-9456-F42797AE7AED}.Release|Any CPU.ActiveCfg = Release|Any CPU
		{3335A56C-0C13-4932-9456-F42797AE7AED}.Release|Any CPU.Build.0 = Release|Any CPU
	EndGlobalSection
	GlobalSection(SolutionProperties) = preSolution
		HideSolutionNode = FALSE
	EndGlobalSection
	GlobalSection(ExtensibilityGlobals) = postSolution
		SolutionGuid = {B4100469-0F0D-4214-9DDF-9DA90FC40901}
	EndGlobalSection
EndGlobal
